
Microsoft Visual Studio Solution File, Format Version 12.00
# Visual Studio Version 17
VisualStudioVersion = 17.0.31903.59
MinimumVisualStudioVersion = 10.0.40219.1
Project("{2150E333-8FDC-42A3-9474-1A3956D46DE8}") = "Tutorial", "Tutorial", "{3C4CE4F6-1AB8-432C-B466-F6DA9A49E332}"
EndProject
Project("{FAE04EC0-301F-11D3-BF4B-00C04F79EFBC}") = "ConsoleApp-FirstOne", "Tutorial\ConsoleApp-FirstOne\ConsoleApp-FirstOne.csproj", "{7AE80B35-5384-48AB-88E8-796CA10054A6}"
EndProject
Global
	GlobalSection(SolutionConfigurationPlatforms) = preSolution
		Debug|Any CPU = Debug|Any CPU
		Release|Any CPU = Release|Any CPU
	EndGlobalSection
	GlobalSection(SolutionProperties) = preSolution
		HideSolutionNode = FALSE
	EndGlobalSection
	GlobalSection(ProjectConfigurationPlatforms) = postSolution
		{7AE80B35-5384-48AB-88E8-796CA10054A6}.Debug|Any CPU.ActiveCfg = Debug|Any CPU
		{7AE80B35-5384-48AB-88E8-796CA10054A6}.Debug|Any CPU.Build.0 = Debug|Any CPU
		{7AE80B35-5384-48AB-88E8-796CA10054A6}.Release|Any CPU.ActiveCfg = Release|Any CPU
		{7AE80B35-5384-48AB-88E8-796CA10054A6}.Release|Any CPU.Build.0 = Release|Any CPU
	EndGlobalSection
	GlobalSection(NestedProjects) = preSolution
		{7AE80B35-5384-48AB-88E8-796CA10054A6} = {3C4CE4F6-1AB8-432C-B466-F6DA9A49E332}
	EndGlobalSection
EndGlobal
